// !$*UTF8*$!
{
	archiveVersion = 1;
	classes = {
	};
	objectVersion = 50;
	objects = {

/* Begin PBXBuildFile section */
		18CECEAC2558410A000E0CD4 /* AppDelegate.swift in Sources */ = {isa = PBXBuildFile; fileRef = 18CECEAB2558410A000E0CD4 /* AppDelegate.swift */; };
		18CECEAE2558410A000E0CD4 /* art.scnassets in Resources */ = {isa = PBXBuildFile; fileRef = 18CECEAD2558410A000E0CD4 /* art.scnassets */; };
		18CECEB02558410A000E0CD4 /* ViewController.swift in Sources */ = {isa = PBXBuildFile; fileRef = 18CECEAF2558410A000E0CD4 /* ViewController.swift */; };
		18CECEB32558410A000E0CD4 /* Main.storyboard in Resources */ = {isa = PBXBuildFile; fileRef = 18CECEB12558410A000E0CD4 /* Main.storyboard */; };
		18CECEB52558410B000E0CD4 /* Assets.xcassets in Resources */ = {isa = PBXBuildFile; fileRef = 18CECEB42558410B000E0CD4 /* Assets.xcassets */; };
		18CECEB82558410B000E0CD4 /* LaunchScreen.storyboard in Resources */ = {isa = PBXBuildFile; fileRef = 18CECEB62558410B000E0CD4 /* LaunchScreen.storyboard */; };
		18CECEC32558410B000E0CD4 /* GAM740_AR_BasketballTests.swift in Sources */ = {isa = PBXBuildFile; fileRef = 18CECEC22558410B000E0CD4 /* GAM740_AR_BasketballTests.swift */; };
		18CECECE2558410B000E0CD4 /* GAM740_AR_BasketballUITests.swift in Sources */ = {isa = PBXBuildFile; fileRef = 18CECECD2558410B000E0CD4 /* GAM740_AR_BasketballUITests.swift */; };
/* End PBXBuildFile section */

/* Begin PBXContainerItemProxy section */
		18CECEBF2558410B000E0CD4 /* PBXContainerItemProxy */ = {
			isa = PBXContainerItemProxy;
			containerPortal = 18CECEA02558410A000E0CD4 /* Project object */;
			proxyType = 1;
			remoteGlobalIDString = 18CECEA72558410A000E0CD4;
			remoteInfo = "GAM740-AR-Basketball";
		};
		18CECECA2558410B000E0CD4 /* PBXContainerItemProxy */ = {
			isa = PBXContainerItemProxy;
			containerPortal = 18CECEA02558410A000E0CD4 /* Project object */;
			proxyType = 1;
			remoteGlobalIDString = 18CECEA72558410A000E0CD4;
			remoteInfo = "GAM740-AR-Basketball";
		};
/* End PBXContainerItemProxy section */

/* Begin PBXFileReference section */
		18CECEA82558410A000E0CD4 /* GAM740-AR-Basketball.app */ = {isa = PBXFileReference; explicitFileType = wrapper.application; includeInIndex = 0; path = "GAM740-AR-Basketball.app"; sourceTree = BUILT_PRODUCTS_DIR; };
		18CECEAB2558410A000E0CD4 /* AppDelegate.swift */ = {isa = PBXFileReference; lastKnownFileType = sourcecode.swift; path = AppDelegate.swift; sourceTree = "<group>"; };
		18CECEAD2558410A000E0CD4 /* art.scnassets */ = {isa = PBXFileReference; lastKnownFileType = wrapper.scnassets; path = art.scnassets; sourceTree = "<group>"; };
		18CECEAF2558410A000E0CD4 /* ViewController.swift */ = {isa = PBXFileReference; lastKnownFileType = sourcecode.swift; path = ViewController.swift; sourceTree = "<group>"; };
		18CECEB22558410A000E0CD4 /* Base */ = {isa = PBXFileReference; lastKnownFileType = file.storyboard; name = Base; path = Base.lproj/Main.storyboard; sourceTree = "<group>"; };
		18CECEB42558410B000E0CD4 /* Assets.xcassets */ = {isa = PBXFileReference; lastKnownFileType = folder.assetcatalog; path = Assets.xcassets; sourceTree = "<group>"; };
		18CECEB72558410B000E0CD4 /* Base */ = {isa = PBXFileReference; lastKnownFileType = file.storyboard; name = Base; path = Base.lproj/LaunchScreen.storyboard; sourceTree = "<group>"; };
		18CECEB92558410B000E0CD4 /* Info.plist */ = {isa = PBXFileReference; lastKnownFileType = text.plist.xml; path = Info.plist; sourceTree = "<group>"; };
		18CECEBE2558410B000E0CD4 /* GAM740-AR-BasketballTests.xctest */ = {isa = PBXFileReference; explicitFileType = wrapper.cfbundle; includeInIndex = 0; path = "GAM740-AR-BasketballTests.xctest"; sourceTree = BUILT_PRODUCTS_DIR; };
		18CECEC22558410B000E0CD4 /* GAM740_AR_BasketballTests.swift */ = {isa = PBXFileReference; lastKnownFileType = sourcecode.swift; path = GAM740_AR_BasketballTests.swift; sourceTree = "<group>"; };
		18CECEC42558410B000E0CD4 /* Info.plist */ = {isa = PBXFileReference; lastKnownFileType = text.plist.xml; path = Info.plist; sourceTree = "<group>"; };
		18CECEC92558410B000E0CD4 /* GAM740-AR-BasketballUITests.xctest */ = {isa = PBXFileReference; explicitFileType = wrapper.cfbundle; includeInIndex = 0; path = "GAM740-AR-BasketballUITests.xctest"; sourceTree = BUILT_PRODUCTS_DIR; };
		18CECECD2558410B000E0CD4 /* GAM740_AR_BasketballUITests.swift */ = {isa = PBXFileReference; lastKnownFileType = sourcecode.swift; path = GAM740_AR_BasketballUITests.swift; sourceTree = "<group>"; };
		18CECECF2558410B000E0CD4 /* Info.plist */ = {isa = PBXFileReference; lastKnownFileType = text.plist.xml; path = Info.plist; sourceTree = "<group>"; };
/* End PBXFileReference section */

/* Begin PBXFrameworksBuildPhase section */
		18CECEA52558410A000E0CD4 /* Frameworks */ = {
			isa = PBXFrameworksBuildPhase;
			buildActionMask = 2147483647;
			files = (
			);
			runOnlyForDeploymentPostprocessing = 0;
		};
		18CECEBB2558410B000E0CD4 /* Frameworks */ = {
			isa = PBXFrameworksBuildPhase;
			buildActionMask = 2147483647;
			files = (
			);
			runOnlyForDeploymentPostprocessing = 0;
		};
		18CECEC62558410B000E0CD4 /* Frameworks */ = {
			isa = PBXFrameworksBuildPhase;
			buildActionMask = 2147483647;
			files = (
			);
			runOnlyForDeploymentPostprocessing = 0;
		};
/* End PBXFrameworksBuildPhase section */

/* Begin PBXGroup section */
		18CECE9F2558410A000E0CD4 = {
			isa = PBXGroup;
			children = (
				18CECEAA2558410A000E0CD4 /* GAM740-AR-Basketball */,
				18CECEC12558410B000E0CD4 /* GAM740-AR-BasketballTests */,
				18CECECC2558410B000E0CD4 /* GAM740-AR-BasketballUITests */,
				18CECEA92558410A000E0CD4 /* Products */,
			);
			sourceTree = "<group>";
		};
		18CECEA92558410A000E0CD4 /* Products */ = {
			isa = PBXGroup;
			children = (
				18CECEA82558410A000E0CD4 /* GAM740-AR-Basketball.app */,
				18CECEBE2558410B000E0CD4 /* GAM740-AR-BasketballTests.xctest */,
				18CECEC92558410B000E0CD4 /* GAM740-AR-BasketballUITests.xctest */,
			);
			name = Products;
			sourceTree = "<group>";
		};
		18CECEAA2558410A000E0CD4 /* GAM740-AR-Basketball */ = {
			isa = PBXGroup;
			children = (
				18CECEAB2558410A000E0CD4 /* AppDelegate.swift */,
				18CECEAD2558410A000E0CD4 /* art.scnassets */,
				18CECEAF2558410A000E0CD4 /* ViewController.swift */,
				18CECEB12558410A000E0CD4 /* Main.storyboard */,
				18CECEB42558410B000E0CD4 /* Assets.xcassets */,
				18CECEB62558410B000E0CD4 /* LaunchScreen.storyboard */,
				18CECEB92558410B000E0CD4 /* Info.plist */,
			);
			path = "GAM740-AR-Basketball";
			sourceTree = "<group>";
		};
		18CECEC12558410B000E0CD4 /* GAM740-AR-BasketballTests */ = {
			isa = PBXGroup;
			children = (
				18CECEC22558410B000E0CD4 /* GAM740_AR_BasketballTests.swift */,
				18CECEC42558410B000E0CD4 /* Info.plist */,
			);
			path = "GAM740-AR-BasketballTests";
			sourceTree = "<group>";
		};
		18CECECC2558410B000E0CD4 /* GAM740-AR-BasketballUITests */ = {
			isa = PBXGroup;
			children = (
				18CECECD2558410B000E0CD4 /* GAM740_AR_BasketballUITests.swift */,
				18CECECF2558410B000E0CD4 /* Info.plist */,
			);
			path = "GAM740-AR-BasketballUITests";
			sourceTree = "<group>";
		};
/* End PBXGroup section */

/* Begin PBXNativeTarget section */
		18CECEA72558410A000E0CD4 /* GAM740-AR-Basketball */ = {
			isa = PBXNativeTarget;
			buildConfigurationList = 18CECED22558410B000E0CD4 /* Build configuration list for PBXNativeTarget "GAM740-AR-Basketball" */;
			buildPhases = (
				18CECEA42558410A000E0CD4 /* Sources */,
				18CECEA52558410A000E0CD4 /* Frameworks */,
				18CECEA62558410A000E0CD4 /* Resources */,
			);
			buildRules = (
			);
			dependencies = (
			);
			name = "GAM740-AR-Basketball";
			productName = "GAM740-AR-Basketball";
			productReference = 18CECEA82558410A000E0CD4 /* GAM740-AR-Basketball.app */;
			productType = "com.apple.product-type.application";
		};
		18CECEBD2558410B000E0CD4 /* GAM740-AR-BasketballTests */ = {
			isa = PBXNativeTarget;
			buildConfigurationList = 18CECED52558410B000E0CD4 /* Build configuration list for PBXNativeTarget "GAM740-AR-BasketballTests" */;
			buildPhases = (
				18CECEBA2558410B000E0CD4 /* Sources */,
				18CECEBB2558410B000E0CD4 /* Frameworks */,
				18CECEBC2558410B000E0CD4 /* Resources */,
			);
			buildRules = (
			);
			dependencies = (
				18CECEC02558410B000E0CD4 /* PBXTargetDependency */,
			);
			name = "GAM740-AR-BasketballTests";
			productName = "GAM740-AR-BasketballTests";
			productReference = 18CECEBE2558410B000E0CD4 /* GAM740-AR-BasketballTests.xctest */;
			productType = "com.apple.product-type.bundle.unit-test";
		};
		18CECEC82558410B000E0CD4 /* GAM740-AR-BasketballUITests */ = {
			isa = PBXNativeTarget;
			buildConfigurationList = 18CECED82558410B000E0CD4 /* Build configuration list for PBXNativeTarget "GAM740-AR-BasketballUITests" */;
			buildPhases = (
				18CECEC52558410B000E0CD4 /* Sources */,
				18CECEC62558410B000E0CD4 /* Frameworks */,
				18CECEC72558410B000E0CD4 /* Resources */,
			);
			buildRules = (
			);
			dependencies = (
				18CECECB2558410B000E0CD4 /* PBXTargetDependency */,
			);
			name = "GAM740-AR-BasketballUITests";
			productName = "GAM740-AR-BasketballUITests";
			productReference = 18CECEC92558410B000E0CD4 /* GAM740-AR-BasketballUITests.xctest */;
			productType = "com.apple.product-type.bundle.ui-testing";
		};
/* End PBXNativeTarget section */

/* Begin PBXProject section */
		18CECEA02558410A000E0CD4 /* Project object */ = {
			isa = PBXProject;
			attributes = {
				LastSwiftUpdateCheck = 1210;
				LastUpgradeCheck = 1210;
				TargetAttributes = {
					18CECEA72558410A000E0CD4 = {
						CreatedOnToolsVersion = 12.1;
					};
					18CECEBD2558410B000E0CD4 = {
						CreatedOnToolsVersion = 12.1;
						TestTargetID = 18CECEA72558410A000E0CD4;
					};
					18CECEC82558410B000E0CD4 = {
						CreatedOnToolsVersion = 12.1;
						TestTargetID = 18CECEA72558410A000E0CD4;
					};
				};
			};
			buildConfigurationList = 18CECEA32558410A000E0CD4 /* Build configuration list for PBXProject "GAM740-AR-Basketball" */;
			compatibilityVersion = "Xcode 9.3";
			developmentRegion = en;
			hasScannedForEncodings = 0;
			knownRegions = (
				en,
				Base,
			);
			mainGroup = 18CECE9F2558410A000E0CD4;
			productRefGroup = 18CECEA92558410A000E0CD4 /* Products */;
			projectDirPath = "";
			projectRoot = "";
			targets = (
				18CECEA72558410A000E0CD4 /* GAM740-AR-Basketball */,
				18CECEBD2558410B000E0CD4 /* GAM740-AR-BasketballTests */,
				18CECEC82558410B000E0CD4 /* GAM740-AR-BasketballUITests */,
			);
		};
/* End PBXProject section */

/* Begin PBXResourcesBuildPhase section */
		18CECEA62558410A000E0CD4 /* Resources */ = {
			isa = PBXResourcesBuildPhase;
			buildActionMask = 2147483647;
			files = (
				18CECEAE2558410A000E0CD4 /* art.scnassets in Resources */,
				18CECEB82558410B000E0CD4 /* LaunchScreen.storyboard in Resources */,
				18CECEB52558410B000E0CD4 /* Assets.xcassets in Resources */,
				18CECEB32558410A000E0CD4 /* Main.storyboard in Resources */,
			);
			runOnlyForDeploymentPostprocessing = 0;
		};
		18CECEBC2558410B000E0CD4 /* Resources */ = {
			isa = PBXResourcesBuildPhase;
			buildActionMask = 2147483647;
			files = (
			);
			runOnlyForDeploymentPostprocessing = 0;
		};
		18CECEC72558410B000E0CD4 /* Resources */ = {
			isa = PBXResourcesBuildPhase;
			buildActionMask = 2147483647;
			files = (
			);
			runOnlyForDeploymentPostprocessing = 0;
		};
/* End PBXResourcesBuildPhase section */

/* Begin PBXSourcesBuildPhase section */
		18CECEA42558410A000E0CD4 /* Sources */ = {
			isa = PBXSourcesBuildPhase;
			buildActionMask = 2147483647;
			files = (
				18CECEB02558410A000E0CD4 /* ViewController.swift in Sources */,
				18CECEAC2558410A000E0CD4 /* AppDelegate.swift in Sources */,
			);
			runOnlyForDeploymentPostprocessing = 0;
		};
		18CECEBA2558410B000E0CD4 /* Sources */ = {
			isa = PBXSourcesBuildPhase;
			buildActionMask = 2147483647;
			files = (
				18CECEC32558410B000E0CD4 /* GAM740_AR_BasketballTests.swift in Sources */,
			);
			runOnlyForDeploymentPostprocessing = 0;
		};
		18CECEC52558410B000E0CD4 /* Sources */ = {
			isa = PBXSourcesBuildPhase;
			buildActionMask = 2147483647;
			files = (
				18CECECE2558410B000E0CD4 /* GAM740_AR_BasketballUITests.swift in Sources */,
			);
			runOnlyForDeploymentPostprocessing = 0;
		};
/* End PBXSourcesBuildPhase section */

/* Begin PBXTargetDependency section */
		18CECEC02558410B000E0CD4 /* PBXTargetDependency */ = {
			isa = PBXTargetDependency;
			target = 18CECEA72558410A000E0CD4 /* GAM740-AR-Basketball */;
			targetProxy = 18CECEBF2558410B000E0CD4 /* PBXContainerItemProxy */;
		};
		18CECECB2558410B000E0CD4 /* PBXTargetDependency */ = {
			isa = PBXTargetDependency;
			target = 18CECEA72558410A000E0CD4 /* GAM740-AR-Basketball */;
			targetProxy = 18CECECA2558410B000E0CD4 /* PBXContainerItemProxy */;
		};
/* End PBXTargetDependency section */

/* Begin PBXVariantGroup section */
		18CECEB12558410A000E0CD4 /* Main.storyboard */ = {
			isa = PBXVariantGroup;
			children = (
				18CECEB22558410A000E0CD4 /* Base */,
			);
			name = Main.storyboard;
			sourceTree = "<group>";
		};
		18CECEB62558410B000E0CD4 /* LaunchScreen.storyboard */ = {
			isa = PBXVariantGroup;
			children = (
				18CECEB72558410B000E0CD4 /* Base */,
			);
			name = LaunchScreen.storyboard;
			sourceTree = "<group>";
		};
/* End PBXVariantGroup section */

/* Begin XCBuildConfiguration section */
		18CECED02558410B000E0CD4 /* Debug */ = {
			isa = XCBuildConfiguration;
			buildSettings = {
				ALWAYS_SEARCH_USER_PATHS = NO;
				CLANG_ANALYZER_NONNULL = YES;
				CLANG_ANALYZER_NUMBER_OBJECT_CONVERSION = YES_AGGRESSIVE;
				CLANG_CXX_LANGUAGE_STANDARD = "gnu++14";
				CLANG_CXX_LIBRARY = "libc++";
				CLANG_ENABLE_MODULES = YES;
				CLANG_ENABLE_OBJC_ARC = YES;
				CLANG_ENABLE_OBJC_WEAK = YES;
				CLANG_WARN_BLOCK_CAPTURE_AUTORELEASING = YES;
				CLANG_WARN_BOOL_CONVERSION = YES;
				CLANG_WARN_COMMA = YES;
				CLANG_WARN_CONSTANT_CONVERSION = YES;
				CLANG_WARN_DEPRECATED_OBJC_IMPLEMENTATIONS = YES;
				CLANG_WARN_DIRECT_OBJC_ISA_USAGE = YES_ERROR;
				CLANG_WARN_DOCUMENTATION_COMMENTS = YES;
				CLANG_WARN_EMPTY_BODY = YES;
				CLANG_WARN_ENUM_CONVERSION = YES;
				CLANG_WARN_INFINITE_RECURSION = YES;
				CLANG_WARN_INT_CONVERSION = YES;
				CLANG_WARN_NON_LITERAL_NULL_CONVERSION = YES;
				CLANG_WARN_OBJC_IMPLICIT_RETAIN_SELF = YES;
				CLANG_WARN_OBJC_LITERAL_CONVERSION = YES;
				CLANG_WARN_OBJC_ROOT_CLASS = YES_ERROR;
				CLANG_WARN_QUOTED_INCLUDE_IN_FRAMEWORK_HEADER = YES;
				CLANG_WARN_RANGE_LOOP_ANALYSIS = YES;
				CLANG_WARN_STRICT_PROTOTYPES = YES;
				CLANG_WARN_SUSPICIOUS_MOVE = YES;
				CLANG_WARN_UNGUARDED_AVAILABILITY = YES_AGGRESSIVE;
				CLANG_WARN_UNREACHABLE_CODE = YES;
				CLANG_WARN__DUPLICATE_METHOD_MATCH = YES;
				COPY_PHASE_STRIP = NO;
				DEBUG_INFORMATION_FORMAT = dwarf;
				ENABLE_STRICT_OBJC_MSGSEND = YES;
				ENABLE_TESTABILITY = YES;
				GCC_C_LANGUAGE_STANDARD = gnu11;
				GCC_DYNAMIC_NO_PIC = NO;
				GCC_NO_COMMON_BLOCKS = YES;
				GCC_OPTIMIZATION_LEVEL = 0;
				GCC_PREPROCESSOR_DEFINITIONS = (
					"DEBUG=1",
					"$(inherited)",
				);
				GCC_WARN_64_TO_32_BIT_CONVERSION = YES;
				GCC_WARN_ABOUT_RETURN_TYPE = YES_ERROR;
				GCC_WARN_UNDECLARED_SELECTOR = YES;
				GCC_WARN_UNINITIALIZED_AUTOS = YES_AGGRESSIVE;
				GCC_WARN_UNUSED_FUNCTION = YES;
				GCC_WARN_UNUSED_VARIABLE = YES;
				IPHONEOS_DEPLOYMENT_TARGET = 14.1;
				MTL_ENABLE_DEBUG_INFO = INCLUDE_SOURCE;
				MTL_FAST_MATH = YES;
				ONLY_ACTIVE_ARCH = YES;
				SDKROOT = iphoneos;
				SWIFT_ACTIVE_COMPILATION_CONDITIONS = DEBUG;
				SWIFT_OPTIMIZATION_LEVEL = "-Onone";
			};
			name = Debug;
		};
		18CECED12558410B000E0CD4 /* Release */ = {
			isa = XCBuildConfiguration;
			buildSettings = {
				ALWAYS_SEARCH_USER_PATHS = NO;
				CLANG_ANALYZER_NONNULL = YES;
				CLANG_ANALYZER_NUMBER_OBJECT_CONVERSION = YES_AGGRESSIVE;
				CLANG_CXX_LANGUAGE_STANDARD = "gnu++14";
				CLANG_CXX_LIBRARY = "libc++";
				CLANG_ENABLE_MODULES = YES;
				CLANG_ENABLE_OBJC_ARC = YES;
				CLANG_ENABLE_OBJC_WEAK = YES;
				CLANG_WARN_BLOCK_CAPTURE_AUTORELEASING = YES;
				CLANG_WARN_BOOL_CONVERSION = YES;
				CLANG_WARN_COMMA = YES;
				CLANG_WARN_CONSTANT_CONVERSION = YES;
				CLANG_WARN_DEPRECATED_OBJC_IMPLEMENTATIONS = YES;
				CLANG_WARN_DIRECT_OBJC_ISA_USAGE = YES_ERROR;
				CLANG_WARN_DOCUMENTATION_COMMENTS = YES;
				CLANG_WARN_EMPTY_BODY = YES;
				CLANG_WARN_ENUM_CONVERSION = YES;
				CLANG_WARN_INFINITE_RECURSION = YES;
				CLANG_WARN_INT_CONVERSION = YES;
				CLANG_WARN_NON_LITERAL_NULL_CONVERSION = YES;
				CLANG_WARN_OBJC_IMPLICIT_RETAIN_SELF = YES;
				CLANG_WARN_OBJC_LITERAL_CONVERSION = YES;
				CLANG_WARN_OBJC_ROOT_CLASS = YES_ERROR;
				CLANG_WARN_QUOTED_INCLUDE_IN_FRAMEWORK_HEADER = YES;
				CLANG_WARN_RANGE_LOOP_ANALYSIS = YES;
				CLANG_WARN_STRICT_PROTOTYPES = YES;
				CLANG_WARN_SUSPICIOUS_MOVE = YES;
				CLANG_WARN_UNGUARDED_AVAILABILITY = YES_AGGRESSIVE;
				CLANG_WARN_UNREACHABLE_CODE = YES;
				CLANG_WARN__DUPLICATE_METHOD_MATCH = YES;
				COPY_PHASE_STRIP = NO;
				DEBUG_INFORMATION_FORMAT = "dwarf-with-dsym";
				ENABLE_NS_ASSERTIONS = NO;
				ENABLE_STRICT_OBJC_MSGSEND = YES;
				GCC_C_LANGUAGE_STANDARD = gnu11;
				GCC_NO_COMMON_BLOCKS = YES;
				GCC_WARN_64_TO_32_BIT_CONVERSION = YES;
				GCC_WARN_ABOUT_RETURN_TYPE = YES_ERROR;
				GCC_WARN_UNDECLARED_SELECTOR = YES;
				GCC_WARN_UNINITIALIZED_AUTOS = YES_AGGRESSIVE;
				GCC_WARN_UNUSED_FUNCTION = YES;
				GCC_WARN_UNUSED_VARIABLE = YES;
				IPHONEOS_DEPLOYMENT_TARGET = 14.1;
				MTL_ENABLE_DEBUG_INFO = NO;
				MTL_FAST_MATH = YES;
				SDKROOT = iphoneos;
				SWIFT_COMPILATION_MODE = wholemodule;
				SWIFT_OPTIMIZATION_LEVEL = "-O";
				VALIDATE_PRODUCT = YES;
			};
			name = Release;
		};
		18CECED32558410B000E0CD4 /* Debug */ = {
			isa = XCBuildConfiguration;
			buildSettings = {
				ASSETCATALOG_COMPILER_APPICON_NAME = AppIcon;
				ASSETCATALOG_COMPILER_GLOBAL_ACCENT_COLOR_NAME = AccentColor;
				CODE_SIGN_STYLE = Automatic;
				DEVELOPMENT_TEAM = CFMS5Y826S;
				INFOPLIST_FILE = "GAM740-AR-Basketball/Info.plist";
				LD_RUNPATH_SEARCH_PATHS = (
					"$(inherited)",
					"@executable_path/Frameworks",
				);
				PRODUCT_BUNDLE_IDENTIFIER = "com.rachelsaunders.GAM740-AR-Basketball";
				PRODUCT_NAME = "$(TARGET_NAME)";
				SWIFT_VERSION = 5.0;
				TARGETED_DEVICE_FAMILY = "1,2";
			};
			name = Debug;
		};
		18CECED42558410B000E0CD4 /* Release */ = {
			isa = XCBuildConfiguration;
			buildSettings = {
				ASSETCATALOG_COMPILER_APPICON_NAME = AppIcon;
				ASSETCATALOG_COMPILER_GLOBAL_ACCENT_COLOR_NAME = AccentColor;
				CODE_SIGN_STYLE = Automatic;
				DEVELOPMENT_TEAM = CFMS5Y826S;
				INFOPLIST_FILE = "GAM740-AR-Basketball/Info.plist";
				LD_RUNPATH_SEARCH_PATHS = (
					"$(inherited)",
					"@executable_path/Frameworks",
				);
				PRODUCT_BUNDLE_IDENTIFIER = "com.rachelsaunders.GAM740-AR-Basketball";
				PRODUCT_NAME = "$(TARGET_NAME)";
				SWIFT_VERSION = 5.0;
				TARGETED_DEVICE_FAMILY = "1,2";
			};
			name = Release;
		};
		18CECED62558410B000E0CD4 /* Debug */ = {
			isa = XCBuildConfiguration;
			buildSettings = {
				ALWAYS_EMBED_SWIFT_STANDARD_LIBRARIES = YES;
				BUNDLE_LOADER = "$(TEST_HOST)";
				CODE_SIGN_STYLE = Automatic;
				DEVELOPMENT_TEAM = CFMS5Y826S;
				INFOPLIST_FILE = "GAM740-AR-BasketballTests/Info.plist";
				IPHONEOS_DEPLOYMENT_TARGET = 14.1;
				LD_RUNPATH_SEARCH_PATHS = (
					"$(inherited)",
					"@executable_path/Frameworks",
					"@loader_path/Frameworks",
				);
				PRODUCT_BUNDLE_IDENTIFIER = "com.rachelsaunders.GAM740-AR-BasketballTests";
				PRODUCT_NAME = "$(TARGET_NAME)";
				SWIFT_VERSION = 5.0;
				TARGETED_DEVICE_FAMILY = "1,2";
				TEST_HOST = "$(BUILT_PRODUCTS_DIR)/GAM740-AR-Basketball.app/GAM740-AR-Basketball";
			};
			name = Debug;
		};
		18CECED72558410B000E0CD4 /* Release */ = {
			isa = XCBuildConfiguration;
			buildSettings = {
				ALWAYS_EMBED_SWIFT_STANDARD_LIBRARIES = YES;
				BUNDLE_LOADER = "$(TEST_HOST)";
				CODE_SIGN_STYLE = Automatic;
				DEVELOPMENT_TEAM = CFMS5Y826S;
				INFOPLIST_FILE = "GAM740-AR-BasketballTests/Info.plist";
				IPHONEOS_DEPLOYMENT_TARGET = 14.1;
				LD_RUNPATH_SEARCH_PATHS = (
					"$(inherited)",
					"@executable_path/Frameworks",
					"@loader_path/Frameworks",
				);
				PRODUCT_BUNDLE_IDENTIFIER = "com.rachelsaunders.GAM740-AR-BasketballTests";
				PRODUCT_NAME = "$(TARGET_NAME)";
				SWIFT_VERSION = 5.0;
				TARGETED_DEVICE_FAMILY = "1,2";
				TEST_HOST = "$(BUILT_PRODUCTS_DIR)/GAM740-AR-Basketball.app/GAM740-AR-Basketball";
			};
			name = Release;
		};
		18CECED92558410B000E0CD4 /* Debug */ = {
			isa = XCBuildConfiguration;
			buildSettings = {
				ALWAYS_EMBED_SWIFT_STANDARD_LIBRARIES = YES;
				CODE_SIGN_STYLE = Automatic;
				DEVELOPMENT_TEAM = CFMS5Y826S;
				INFOPLIST_FILE = "GAM740-AR-BasketballUITests/Info.plist";
				LD_RUNPATH_SEARCH_PATHS = (
					"$(inherited)",
					"@executable_path/Frameworks",
					"@loader_path/Frameworks",
				);
				PRODUCT_BUNDLE_IDENTIFIER = "com.rachelsaunders.GAM740-AR-BasketballUITests";
				PRODUCT_NAME = "$(TARGET_NAME)";
				SWIFT_VERSION = 5.0;
				TARGETED_DEVICE_FAMILY = "1,2";
				TEST_TARGET_NAME = "GAM740-AR-Basketball";
			};
			name = Debug;
		};
		18CECEDA2558410B000E0CD4 /* Release */ = {
			isa = XCBuildConfiguration;
			buildSettings = {
				ALWAYS_EMBED_SWIFT_STANDARD_LIBRARIES = YES;
				CODE_SIGN_STYLE = Automatic;
				DEVELOPMENT_TEAM = CFMS5Y826S;
				INFOPLIST_FILE = "GAM740-AR-BasketballUITests/Info.plist";
				LD_RUNPATH_SEARCH_PATHS = (
					"$(inherited)",
					"@executable_path/Frameworks",
					"@loader_path/Frameworks",
				);
				PRODUCT_BUNDLE_IDENTIFIER = "com.rachelsaunders.GAM740-AR-BasketballUITests";
				PRODUCT_NAME = "$(TARGET_NAME)";
				SWIFT_VERSION = 5.0;
				TARGETED_DEVICE_FAMILY = "1,2";
				TEST_TARGET_NAME = "GAM740-AR-Basketball";
			};
			name = Release;
		};
/* End XCBuildConfiguration section */

/* Begin XCConfigurationList section */
		18CECEA32558410A000E0CD4 /* Build configuration list for PBXProject "GAM740-AR-Basketball" */ = {
			isa = XCConfigurationList;
			buildConfigurations = (
				18CECED02558410B000E0CD4 /* Debug */,
				18CECED12558410B000E0CD4 /* Release */,
			);
			defaultConfigurationIsVisible = 0;
			defaultConfigurationName = Release;
		};
		18CECED22558410B000E0CD4 /* Build configuration list for PBXNativeTarget "GAM740-AR-Basketball" */ = {
			isa = XCConfigurationList;
			buildConfigurations = (
				18CECED32558410B000E0CD4 /* Debug */,
				18CECED42558410B000E0CD4 /* Release */,
			);
			defaultConfigurationIsVisible = 0;
			defaultConfigurationName = Release;
		};
		18CECED52558410B000E0CD4 /* Build configuration list for PBXNativeTarget "GAM740-AR-BasketballTests" */ = {
			isa = XCConfigurationList;
			buildConfigurations = (
				18CECED62558410B000E0CD4 /* Debug */,
				18CECED72558410B000E0CD4 /* Release */,
			);
			defaultConfigurationIsVisible = 0;
			defaultConfigurationName = Release;
		};
		18CECED82558410B000E0CD4 /* Build configuration list for PBXNativeTarget "GAM740-AR-BasketballUITests" */ = {
			isa = XCConfigurationList;
			buildConfigurations = (
				18CECED92558410B000E0CD4 /* Debug */,
				18CECEDA2558410B000E0CD4 /* Release */,
			);
			defaultConfigurationIsVisible = 0;
			defaultConfigurationName = Release;
		};
/* End XCConfigurationList section */
	};
	rootObject = 18CECEA02558410A000E0CD4 /* Project object */;
}
